github.com/dhamith93/systats v0.2.0 h1:NG6AJTRU6I5ELFPt7/W5Anv53Nv94zhhBwX3AcOmgQg=
github.com/dhamith93/systats v0.2.0/go.mod h1:NBgEXSlRZa45urXVKwl9Wp0cfOHKgWNT/dIMWS2pu8M=
github.com/rqlite/gorqlite v0.0.0-20240927121515-8d9f8754f966 h1:5VvLOjidaNQecfB2vfKeQQJWlUUsFcKEg0gQvsatY94=
github.com/rqlite/gorqlite v0.0.0-20240927121515-8d9f8754f966/go.mod h1:xF/KoXmrRyahPfo5L7Szb5cAAUl53dMWBh9cMruGEZg=
