github.com/joho/godotenv v1.5.1 h1:7eLL/+HRGLY0ldzfGMeQkb7vMd0as4CfYvUVzLqw0N0=
github.com/joho/godotenv v1.5.1/go.mod h1:f4LDr5Voq0i2e/R5DDNOoa2zzDfwtkZa6DnEwAbqwq4=
github.com/rqlite/gorqlite v0.0.0-20240927121515-8d9f8754f966 h1:5VvLOjidaNQecfB2vfKeQQJWlUUsFcKEg0gQvsatY94=
github.com/rqlite/gorqlite v0.0.0-20240927121515-8d9f8754f966/go.mod h1:xF/KoXmrRyahPfo5L7Szb5cAAUl53dMWBh9cMruGEZg=
